
Microsoft Visual Studio Solution File, Format Version 12.00
# Visual Studio 15
VisualStudioVersion = 15.0.26124.0
MinimumVisualStudioVersion = 15.0.26124.0
Project("{FAE04EC0-301F-11D3-BF4B-00C04F79EFBC}") = "Persistence", "Persistence\Persistence.csproj", "{D6D7472E-46C0-4AFB-A0D0-3A3B1D8FF483}"
EndProject
Project("{FAE04EC0-301F-11D3-BF4B-00C04F79EFBC}") = "Application", "Application\Application.csproj", "{3CA98AD8-C631-462E-85C4-4C7114389B5E}"
EndProject
Project("{FAE04EC0-301F-11D3-BF4B-00C04F79EFBC}") = "Domain", "Domain\Domain.csproj", "{4AD092BF-9ED5-46DF-B833-7365AC9F58CF}"
EndProject
Project("{FAE04EC0-301F-11D3-BF4B-00C04F79EFBC}") = "API", "API\API.csproj", "{F3B56302-34DC-4CFF-81D9-0B42E1BC1371}"
EndProject
Global
	GlobalSection(SolutionConfigurationPlatforms) = preSolution
		Debug|Any CPU = Debug|Any CPU
		Debug|x64 = Debug|x64
		Debug|x86 = Debug|x86
		Release|Any CPU = Release|Any CPU
		Release|x64 = Release|x64
		Release|x86 = Release|x86
	EndGlobalSection
	GlobalSection(SolutionProperties) = preSolution
		HideSolutionNode = FALSE
	EndGlobalSection
	GlobalSection(ProjectConfigurationPlatforms) = postSolution
		{D6D7472E-46C0-4AFB-A0D0-3A3B1D8FF483}.Debug|Any CPU.ActiveCfg = Debug|Any CPU
		{D6D7472E-46C0-4AFB-A0D0-3A3B1D8FF483}.Debug|Any CPU.Build.0 = Debug|Any CPU
		{D6D7472E-46C0-4AFB-A0D0-3A3B1D8FF483}.Debug|x64.ActiveCfg = Debug|Any CPU
		{D6D7472E-46C0-4AFB-A0D0-3A3B1D8FF483}.Debug|x64.Build.0 = Debug|Any CPU
		{D6D7472E-46C0-4AFB-A0D0-3A3B1D8FF483}.Debug|x86.ActiveCfg = Debug|Any CPU
		{D6D7472E-46C0-4AFB-A0D0-3A3B1D8FF483}.Debug|x86.Build.0 = Debug|Any CPU
		{D6D7472E-46C0-4AFB-A0D0-3A3B1D8FF483}.Release|Any CPU.ActiveCfg = Release|Any CPU
		{D6D7472E-46C0-4AFB-A0D0-3A3B1D8FF483}.Release|Any CPU.Build.0 = Release|Any CPU
		{D6D7472E-46C0-4AFB-A0D0-3A3B1D8FF483}.Release|x64.ActiveCfg = Release|Any CPU
		{D6D7472E-46C0-4AFB-A0D0-3A3B1D8FF483}.Release|x64.Build.0 = Release|Any CPU
		{D6D7472E-46C0-4AFB-A0D0-3A3B1D8FF483}.Release|x86.ActiveCfg = Release|Any CPU
		{D6D7472E-46C0-4AFB-A0D0-3A3B1D8FF483}.Release|x86.Build.0 = Release|Any CPU
		{3CA98AD8-C631-462E-85C4-4C7114389B5E}.Debug|Any CPU.ActiveCfg = Debug|Any CPU
		{3CA98AD8-C631-462E-85C4-4C7114389B5E}.Debug|Any CPU.Build.0 = Debug|Any CPU
		{3CA98AD8-C631-462E-85C4-4C7114389B5E}.Debug|x64.ActiveCfg = Debug|Any CPU
		{3CA98AD8-C631-462E-85C4-4C7114389B5E}.Debug|x64.Build.0 = Debug|Any CPU
		{3CA98AD8-C631-462E-85C4-4C7114389B5E}.Debug|x86.ActiveCfg = Debug|Any CPU
		{3CA98AD8-C631-462E-85C4-4C7114389B5E}.Debug|x86.Build.0 = Debug|Any CPU
		{3CA98AD8-C631-462E-85C4-4C7114389B5E}.Release|Any CPU.ActiveCfg = Release|Any CPU
		{3CA98AD8-C631-462E-85C4-4C7114389B5E}.Release|Any CPU.Build.0 = Release|Any CPU
		{3CA98AD8-C631-462E-85C4-4C7114389B5E}.Release|x64.ActiveCfg = Release|Any CPU
		{3CA98AD8-C631-462E-85C4-4C7114389B5E}.Release|x64.Build.0 = Release|Any CPU
		{3CA98AD8-C631-462E-85C4-4C7114389B5E}.Release|x86.ActiveCfg = Release|Any CPU
		{3CA98AD8-C631-462E-85C4-4C7114389B5E}.Release|x86.Build.0 = Release|Any CPU
		{4AD092BF-9ED5-46DF-B833-7365AC9F58CF}.Debug|Any CPU.ActiveCfg = Debug|Any CPU
		{4AD092BF-9ED5-46DF-B833-7365AC9F58CF}.Debug|Any CPU.Build.0 = Debug|Any CPU
		{4AD092BF-9ED5-46DF-B833-7365AC9F58CF}.Debug|x64.ActiveCfg = Debug|Any CPU
		{4AD092BF-9ED5-46DF-B833-7365AC9F58CF}.Debug|x64.Build.0 = Debug|Any CPU
		{4AD092BF-9ED5-46DF-B833-7365AC9F58CF}.Debug|x86.ActiveCfg = Debug|Any CPU
		{4AD092BF-9ED5-46DF-B833-7365AC9F58CF}.Debug|x86.Build.0 = Debug|Any CPU
		{4AD092BF-9ED5-46DF-B833-7365AC9F58CF}.Release|Any CPU.ActiveCfg = Release|Any CPU
		{4AD092BF-9ED5-46DF-B833-7365AC9F58CF}.Release|Any CPU.Build.0 = Release|Any CPU
		{4AD092BF-9ED5-46DF-B833-7365AC9F58CF}.Release|x64.ActiveCfg = Release|Any CPU
		{4AD092BF-9ED5-46DF-B833-7365AC9F58CF}.Release|x64.Build.0 = Release|Any CPU
		{4AD092BF-9ED5-46DF-B833-7365AC9F58CF}.Release|x86.ActiveCfg = Release|Any CPU
		{4AD092BF-9ED5-46DF-B833-7365AC9F58CF}.Release|x86.Build.0 = Release|Any CPU
		{F3B56302-34DC-4CFF-81D9-0B42E1BC1371}.Debug|Any CPU.ActiveCfg = Debug|Any CPU
		{F3B56302-34DC-4CFF-81D9-0B42E1BC1371}.Debug|Any CPU.Build.0 = Debug|Any CPU
		{F3B56302-34DC-4CFF-81D9-0B42E1BC1371}.Debug|x64.ActiveCfg = Debug|Any CPU
		{F3B56302-34DC-4CFF-81D9-0B42E1BC1371}.Debug|x64.Build.0 = Debug|Any CPU
		{F3B56302-34DC-4CFF-81D9-0B42E1BC1371}.Debug|x86.ActiveCfg = Debug|Any CPU
		{F3B56302-34DC-4CFF-81D9-0B42E1BC1371}.Debug|x86.Build.0 = Debug|Any CPU
		{F3B56302-34DC-4CFF-81D9-0B42E1BC1371}.Release|Any CPU.ActiveCfg = Release|Any CPU
		{F3B56302-34DC-4CFF-81D9-0B42E1BC1371}.Release|Any CPU.Build.0 = Release|Any CPU
		{F3B56302-34DC-4CFF-81D9-0B42E1BC1371}.Release|x64.ActiveCfg = Release|Any CPU
		{F3B56302-34DC-4CFF-81D9-0B42E1BC1371}.Release|x64.Build.0 = Release|Any CPU
		{F3B56302-34DC-4CFF-81D9-0B42E1BC1371}.Release|x86.ActiveCfg = Release|Any CPU
		{F3B56302-34DC-4CFF-81D9-0B42E1BC1371}.Release|x86.Build.0 = Release|Any CPU
	EndGlobalSection
EndGlobal
